
Microsoft Visual Studio Solution File, Format Version 12.00
# Visual Studio 14
VisualStudioVersion = 14.0.24720.0
MinimumVisualStudioVersion = 10.0.40219.1
Project("{FAE04EC0-301F-11D3-BF4B-00C04F79EFBC}") = "OnlineFoodOrderingService", "OnlineFoodOrderingService\OnlineFoodOrderingService.csproj", "{3A6230B8-FEF9-4B37-910D-3C2C8F602409}"
EndProject
Project("{FAE04EC0-301F-11D3-BF4B-00C04F79EFBC}") = "OnlineFoodOrderingService.Tests", "OnlineFoodOrderingService.Tests\OnlineFoodOrderingService.Tests.csproj", "{74A62062-6EEF-49A4-BB26-1F8774DD570C}"
EndProject
Project("{FAE04EC0-301F-11D3-BF4B-00C04F79EFBC}") = "OnlineFoodOrderingWeb", "OnlineFoodOrderingWeb\OnlineFoodOrderingWeb.csproj", "{49ABF322-6E2B-4E46-BF5A-0E4F6471E454}"
EndProject
Global
	GlobalSection(SolutionConfigurationPlatforms) = preSolution
		Debug|Any CPU = Debug|Any CPU
		Release|Any CPU = Release|Any CPU
	EndGlobalSection
	GlobalSection(ProjectConfigurationPlatforms) = postSolution
		{3A6230B8-FEF9-4B37-910D-3C2C8F602409}.Debug|Any CPU.ActiveCfg = Debug|Any CPU
		{3A6230B8-FEF9-4B37-910D-3C2C8F602409}.Debug|Any CPU.Build.0 = Debug|Any CPU
		{3A6230B8-FEF9-4B37-910D-3C2C8F602409}.Release|Any CPU.ActiveCfg = Release|Any CPU
		{3A6230B8-FEF9-4B37-910D-3C2C8F602409}.Release|Any CPU.Build.0 = Release|Any CPU
		{74A62062-6EEF-49A4-BB26-1F8774DD570C}.Debug|Any CPU.ActiveCfg = Debug|Any CPU
		{74A62062-6EEF-49A4-BB26-1F8774DD570C}.Debug|Any CPU.Build.0 = Debug|Any CPU
		{74A62062-6EEF-49A4-BB26-1F8774DD570C}.Release|Any CPU.ActiveCfg = Release|Any CPU
		{74A62062-6EEF-49A4-BB26-1F8774DD570C}.Release|Any CPU.Build.0 = Release|Any CPU
		{49ABF322-6E2B-4E46-BF5A-0E4F6471E454}.Debug|Any CPU.ActiveCfg = Debug|Any CPU
		{49ABF322-6E2B-4E46-BF5A-0E4F6471E454}.Debug|Any CPU.Build.0 = Debug|Any CPU
		{49ABF322-6E2B-4E46-BF5A-0E4F6471E454}.Release|Any CPU.ActiveCfg = Release|Any CPU
		{49ABF322-6E2B-4E46-BF5A-0E4F6471E454}.Release|Any CPU.Build.0 = Release|Any CPU
	EndGlobalSection
	GlobalSection(SolutionProperties) = preSolution
		HideSolutionNode = FALSE
	EndGlobalSection
EndGlobal
